
Microsoft Visual Studio Solution File, Format Version 12.00
# Visual Studio 15
VisualStudioVersion = 15.0.28307.757
MinimumVisualStudioVersion = 10.0.40219.1
Project("{8BC9CEB8-8B4A-11D0-8D11-00A0C91BC942}") = "Opencv_PreProcess", "Opencv_PreProcess\Opencv_PreProcess.vcxproj", "{B301FD4B-4DF7-4D62-8CC7-DFF22AF16CD1}"
EndProject
Global
	GlobalSection(SolutionConfigurationPlatforms) = preSolution
		Debug|x64 = Debug|x64
		Debug|x86 = Debug|x86
		Release|x64 = Release|x64
		Release|x86 = Release|x86
	EndGlobalSection
	GlobalSection(ProjectConfigurationPlatforms) = postSolution
		{B301FD4B-4DF7-4D62-8CC7-DFF22AF16CD1}.Debug|x64.ActiveCfg = Debug|x64
		{B301FD4B-4DF7-4D62-8CC7-DFF22AF16CD1}.Debug|x64.Build.0 = Debug|x64
		{B301FD4B-4DF7-4D62-8CC7-DFF22AF16CD1}.Debug|x86.ActiveCfg = Debug|Win32
		{B301FD4B-4DF7-4D62-8CC7-DFF22AF16CD1}.Debug|x86.Build.0 = Debug|Win32
		{B301FD4B-4DF7-4D62-8CC7-DFF22AF16CD1}.Release|x64.ActiveCfg = Release|x64
		{B301FD4B-4DF7-4D62-8CC7-DFF22AF16CD1}.Release|x64.Build.0 = Release|x64
		{B301FD4B-4DF7-4D62-8CC7-DFF22AF16CD1}.Release|x86.ActiveCfg = Release|Win32
		{B301FD4B-4DF7-4D62-8CC7-DFF22AF16CD1}.Release|x86.Build.0 = Release|Win32
	EndGlobalSection
	GlobalSection(SolutionProperties) = preSolution
		HideSolutionNode = FALSE
	EndGlobalSection
	GlobalSection(ExtensibilityGlobals) = postSolution
		SolutionGuid = {D257F936-0833-4F1D-97C4-DAE5B76DCABC}
	EndGlobalSection
EndGlobal
